
Microsoft Visual Studio Solution File, Format Version 12.00
# Visual Studio Version 17
VisualStudioVersion = 17.5.002.0
MinimumVisualStudioVersion = 10.0.40219.1
Project("{9A19103F-16F7-4668-BE54-9A1E7A4F7556}") = "WebApp1", "WebApp1\WebApp1.csproj", "{D569FD6F-5014-46ED-BFD6-D677033F4010}"
EndProject
Global
	GlobalSection(SolutionConfigurationPlatforms) = preSolution
		Debug|Any CPU = Debug|Any CPU
		Release|Any CPU = Release|Any CPU
	EndGlobalSection
	GlobalSection(ProjectConfigurationPlatforms) = postSolution
		{D569FD6F-5014-46ED-BFD6-D677033F4010}.Debug|Any CPU.ActiveCfg = Debug|Any CPU
		{D569FD6F-5014-46ED-BFD6-D677033F4010}.Debug|Any CPU.Build.0 = Debug|Any CPU
		{D569FD6F-5014-46ED-BFD6-D677033F4010}.Release|Any CPU.ActiveCfg = Release|Any CPU
		{D569FD6F-5014-46ED-BFD6-D677033F4010}.Release|Any CPU.Build.0 = Release|Any CPU
	EndGlobalSection
	GlobalSection(SolutionProperties) = preSolution
		HideSolutionNode = FALSE
	EndGlobalSection
	GlobalSection(ExtensibilityGlobals) = postSolution
		SolutionGuid = {13F0FC77-0A7D-4F08-B68B-7B502922BA88}
	EndGlobalSection
EndGlobal
